PODS:
  - connectivity (0.0.1):
    - Flutter
    - Reachability
  - connectivity_for_web (0.1.0):
    - Flutter
  - connectivity_macos (0.0.1):
    - Flutter
  - Flutter (1.0.0)
  - fluttertoast (0.0.2):
    - Flutter
    - Toast
  - Reachability (3.2)
  - share (0.0.1):
    - Flutter
  - Toast (4.0.0)
  - url_launcher (0.0.1):
    - Flutter
  - url_launcher_linux (0.0.1):
    - Flutter
  - url_launcher_macos (0.0.1):
    - Flutter
  - url_launcher_web (0.0.1):
    - Flutter
  - url_launcher_windows (0.0.1):
    - Flutter

DEPENDENCIES:
  - connectivity (from `.symlinks/plugins/connectivity/ios`)
  - connectivity_for_web (from `.symlinks/plugins/connectivity_for_web/ios`)
  - connectivity_macos (from `.symlinks/plugins/connectivity_macos/ios`)
  - Flutter (from `Flutter`)
  - fluttertoast (from `.symlinks/plugins/fluttertoast/ios`)
  - share (from `.symlinks/plugins/share/ios`)
  - url_launcher (from `.symlinks/plugins/url_launcher/ios`)
  - url_launcher_linux (from `.symlinks/plugins/url_launcher_linux/ios`)
  - url_launcher_macos (from `.symlinks/plugins/url_launcher_macos/ios`)
  - url_launcher_web (from `.symlinks/plugins/url_launcher_web/ios`)
  - url_launcher_windows (from `.symlinks/plugins/url_launcher_windows/ios`)

SPEC REPOS:
  trunk:
    - Reachability
    - Toast

EXTERNAL SOURCES:
  connectivity:
    :path: ".symlinks/plugins/connectivity/ios"
  connectivity_for_web:
    :path: ".symlinks/plugins/connectivity_for_web/ios"
  connectivity_macos:
    :path: ".symlinks/plugins/connectivity_macos/ios"
  Flutter:
    :path: Flutter
  fluttertoast:
    :path: ".symlinks/plugins/fluttertoast/ios"
  share:
    :path: ".symlinks/plugins/share/ios"
  url_launcher:
    :path: ".symlinks/plugins/url_launcher/ios"
  url_launcher_linux:
    :path: ".symlinks/plugins/url_launcher_linux/ios"
  url_launcher_macos:
    :path: ".symlinks/plugins/url_launcher_macos/ios"
  url_launcher_web:
    :path: ".symlinks/plugins/url_launcher_web/ios"
  url_launcher_windows:
    :path: ".symlinks/plugins/url_launcher_windows/ios"

SPEC CHECKSUMS:
  connectivity: c4130b2985d4ef6fd26f9702e886bd5260681467
  connectivity_for_web: 2b8584556930d4bd490d82b836bcf45067ce345b
  connectivity_macos: e2e9731b6b22dda39eb1b128f6969d574460e191
  Flutter: 0e3d915762c693b495b44d77113d4970485de6ec
  fluttertoast: 6122fa75143e992b1d3470f61000f591a798cc58
  Reachability: 33e18b67625424e47b6cde6d202dce689ad7af96
  share: 0b2c3e82132f5888bccca3351c504d0003b3b410
  Toast: 91b396c56ee72a5790816f40d3a94dd357abc196
  url_launcher: 6fef411d543ceb26efce54b05a0a40bfd74cbbef
  url_launcher_linux: ac237cb7a8058736e4aae38bdbcc748a4b394cc0
  url_launcher_macos: fd7894421cd39320dce5f292fc99ea9270b2a313
  url_launcher_web: e5527357f037c87560776e36436bf2b0288b965c
  url_launcher_windows: 683d7c283894db8d1914d3ab2223b20cc1ad95d5

PODFILE CHECKSUM: 1b66dae606f75376c5f2135a8290850eeb09ae83

COCOAPODS: 1.10.0
